{
  "name": "degust-cupom-txt",
  "version": "0.5.0",
  "lockfileVersion": 1,
  "requires": true,
  "dependencies": {
    "@fnando/cnpj": {
      "version": "1.0.2",
      "resolved": "https://registry.npmjs.org/@fnando/cnpj/-/cnpj-1.0.2.tgz",
      "integrity": "sha512-U0r8Mu55rvEDfDIzo1j6szZHHcIZVKg9PKCHvewfHrmYDNDuCt2zjp6TMMI0oIg9hh9fJQqAavzLxMSKHW/W7w=="
    },
    "@fnando/cpf": {
      "version": "1.0.2",
      "resolved": "https://registry.npmjs.org/@fnando/cpf/-/cpf-1.0.2.tgz",
      "integrity": "sha512-lfSfdONVQ/1aKvsA7PnawQjSoE5PXOyHich3WFIbAuYRMAw6Ax1FmIWxPxCfHP/Rh0R2cG/CxaimUW7NI6rgEQ=="
    },
    "telefone": {
      "version": "1.2.1",
      "resolved": "https://registry.npmjs.org/telefone/-/telefone-1.2.1.tgz",
      "integrity": "sha512-GBedlmMrauzK0UmIL13QmPi9NzNPPennKriPma0XSY03dH4LxFIah1dD1TTO86lsLM7W/+F/lBUoowDlQwwBHQ=="
    }
  }
}
